
Microsoft Visual Studio Solution File, Format Version 12.00
# Visual Studio Version 17
VisualStudioVersion = 17.11.35327.3
MinimumVisualStudioVersion = 10.0.40219.1
Project("{FAE04EC0-301F-11D3-BF4B-00C04F79EFBC}") = "Lap9", "Lap9\Lap9.csproj", "{459F5908-8547-4E4E-9511-AA53C9F86A21}"
EndProject
Global
	GlobalSection(SolutionConfigurationPlatforms) = preSolution
		Debug|Any CPU = Debug|Any CPU
		Release|Any CPU = Release|Any CPU
	EndGlobalSection
	GlobalSection(ProjectConfigurationPlatforms) = postSolution
		{459F5908-8547-4E4E-9511-AA53C9F86A21}.Debug|Any CPU.ActiveCfg = Debug|Any CPU
		{459F5908-8547-4E4E-9511-AA53C9F86A21}.Debug|Any CPU.Build.0 = Debug|Any CPU
		{459F5908-8547-4E4E-9511-AA53C9F86A21}.Release|Any CPU.ActiveCfg = Release|Any CPU
		{459F5908-8547-4E4E-9511-AA53C9F86A21}.Release|Any CPU.Build.0 = Release|Any CPU
	EndGlobalSection
	GlobalSection(SolutionProperties) = preSolution
		HideSolutionNode = FALSE
	EndGlobalSection
	GlobalSection(ExtensibilityGlobals) = postSolution
		SolutionGuid = {647B52B9-9C17-4ED9-8E07-2D2809929448}
	EndGlobalSection
EndGlobal
